
Microsoft Visual Studio Solution File, Format Version 12.00
# Visual Studio Version 16
VisualStudioVersion = 16.0.30413.136
MinimumVisualStudioVersion = 10.0.40219.1
Project("{9A19103F-16F7-4668-BE54-9A1E7A4F7556}") = "HelloWorld", "HelloWorld\HelloWorld.csproj", "{749FFB7E-F582-4DF6-9254-BAE514F38BBA}"
EndProject
Project("{9A19103F-16F7-4668-BE54-9A1E7A4F7556}") = "projekt2", "projekt2\projekt2.csproj", "{10D18074-EE2B-4C33-997E-FD0F6EEA384E}"
EndProject
Project("{FAE04EC0-301F-11D3-BF4B-00C04F79EFBC}") = "Metoder", "Metoder\Metoder.csproj", "{7DB52F42-A5ED-4C62-853F-2D7642F22B23}"
EndProject
Global
	GlobalSection(SolutionConfigurationPlatforms) = preSolution
		Debug|Any CPU = Debug|Any CPU
		Release|Any CPU = Release|Any CPU
	EndGlobalSection
	GlobalSection(ProjectConfigurationPlatforms) = postSolution
		{749FFB7E-F582-4DF6-9254-BAE514F38BBA}.Debug|Any CPU.ActiveCfg = Debug|Any CPU
		{749FFB7E-F582-4DF6-9254-BAE514F38BBA}.Debug|Any CPU.Build.0 = Debug|Any CPU
		{749FFB7E-F582-4DF6-9254-BAE514F38BBA}.Release|Any CPU.ActiveCfg = Release|Any CPU
		{749FFB7E-F582-4DF6-9254-BAE514F38BBA}.Release|Any CPU.Build.0 = Release|Any CPU
		{10D18074-EE2B-4C33-997E-FD0F6EEA384E}.Debug|Any CPU.ActiveCfg = Debug|Any CPU
		{10D18074-EE2B-4C33-997E-FD0F6EEA384E}.Debug|Any CPU.Build.0 = Debug|Any CPU
		{10D18074-EE2B-4C33-997E-FD0F6EEA384E}.Release|Any CPU.ActiveCfg = Release|Any CPU
		{10D18074-EE2B-4C33-997E-FD0F6EEA384E}.Release|Any CPU.Build.0 = Release|Any CPU
		{7DB52F42-A5ED-4C62-853F-2D7642F22B23}.Debug|Any CPU.ActiveCfg = Debug|Any CPU
		{7DB52F42-A5ED-4C62-853F-2D7642F22B23}.Debug|Any CPU.Build.0 = Debug|Any CPU
		{7DB52F42-A5ED-4C62-853F-2D7642F22B23}.Release|Any CPU.ActiveCfg = Release|Any CPU
		{7DB52F42-A5ED-4C62-853F-2D7642F22B23}.Release|Any CPU.Build.0 = Release|Any CPU
	EndGlobalSection
	GlobalSection(SolutionProperties) = preSolution
		HideSolutionNode = FALSE
	EndGlobalSection
	GlobalSection(ExtensibilityGlobals) = postSolution
		SolutionGuid = {67B0D168-E617-4725-A51E-13ED06259D3F}
	EndGlobalSection
EndGlobal
